dependencies:
- name: datahub-prerequisites
  repository: https://helm.datahubproject.io
  version: 0.1.10
- name: datahub
  repository: https://helm.datahubproject.io
  version: 0.4.9
digest: sha256:d2952cb9206f48a0c26fd66c53643a3b4277d030948b2a5cf1ce66ead3300d6d
generated: "2024-06-03T15:34:47.507373+01:00"
